
Microsoft Visual Studio Solution File, Format Version 12.00
# Visual Studio Version 17
VisualStudioVersion = 17.12.35514.174
MinimumVisualStudioVersion = 10.0.40219.1
Project("{FAE04EC0-301F-11D3-BF4B-00C04F79EFBC}") = "FileCabinetApp", "FileCabinetApp\FileCabinetApp.csproj", "{C662D0DA-73CE-4FC3-A3B8-F0649F3896C5}"
EndProject
Project("{FAE04EC0-301F-11D3-BF4B-00C04F79EFBC}") = "FileCabinetAppUnitTests", "FileCabinetAppUnitTests\FileCabinetAppUnitTests.csproj", "{D599CA3D-6A38-4A33-80A8-F9D4844EA773}"
EndProject
Global
	GlobalSection(SolutionConfigurationPlatforms) = preSolution
		Debug|Any CPU = Debug|Any CPU
		Release|Any CPU = Release|Any CPU
	EndGlobalSection
	GlobalSection(ProjectConfigurationPlatforms) = postSolution
		{C662D0DA-73CE-4FC3-A3B8-F0649F3896C5}.Debug|Any CPU.ActiveCfg = Debug|Any CPU
		{C662D0DA-73CE-4FC3-A3B8-F0649F3896C5}.Debug|Any CPU.Build.0 = Debug|Any CPU
		{C662D0DA-73CE-4FC3-A3B8-F0649F3896C5}.Release|Any CPU.ActiveCfg = Release|Any CPU
		{C662D0DA-73CE-4FC3-A3B8-F0649F3896C5}.Release|Any CPU.Build.0 = Release|Any CPU
		{D599CA3D-6A38-4A33-80A8-F9D4844EA773}.Debug|Any CPU.ActiveCfg = Debug|Any CPU
		{D599CA3D-6A38-4A33-80A8-F9D4844EA773}.Debug|Any CPU.Build.0 = Debug|Any CPU
		{D599CA3D-6A38-4A33-80A8-F9D4844EA773}.Release|Any CPU.ActiveCfg = Release|Any CPU
		{D599CA3D-6A38-4A33-80A8-F9D4844EA773}.Release|Any CPU.Build.0 = Release|Any CPU
	EndGlobalSection
	GlobalSection(SolutionProperties) = preSolution
		HideSolutionNode = FALSE
	EndGlobalSection
EndGlobal
